// !$*UTF8*$!
{
	archiveVersion = 1;
	classes = {
	};
	objectVersion = 51;
	objects = {

/* Begin PBXBuildFile section */
		33CF77C3473A6D32525309D6 /* Pods_HNWStatisticsSDKTests.framework in Frameworks */ = {isa = PBXBuildFile; fileRef = BE0D13A60BDD12F8FB47D4C8 /* Pods_HNWStatisticsSDKTests.framework */; };
		682814D9E5BCC341AB94029C /* Pods_HNWStatisticsSDK.framework in Frameworks */ = {isa = PBXBuildFile; fileRef = A6B4780D6BB6AEBA59CF5393 /* Pods_HNWStatisticsSDK.framework */; };
		6F463DC325D106CF0061675B /* AppDelegate.m in Sources */ = {isa = PBXBuildFile; fileRef = 6F463DC225D106CF0061675B /* AppDelegate.m */; };
		6F463DCC25D106CF0061675B /* Main.storyboard in Resources */ = {isa = PBXBuildFile; fileRef = 6F463DCA25D106CF0061675B /* Main.storyboard */; };
		6F463DCE25D106D10061675B /* Assets.xcassets in Resources */ = {isa = PBXBuildFile; fileRef = 6F463DCD25D106D10061675B /* Assets.xcassets */; };
		6F463DD125D106D10061675B /* LaunchScreen.storyboard in Resources */ = {isa = PBXBuildFile; fileRef = 6F463DCF25D106D10061675B /* LaunchScreen.storyboard */; };
		6F463DD425D106D10061675B /* main.m in Sources */ = {isa = PBXBuildFile; fileRef = 6F463DD325D106D10061675B /* main.m */; };
		6F463DDE25D106D10061675B /* HNWStatisticsSDKTests.m in Sources */ = {isa = PBXBuildFile; fileRef = 6F463DDD25D106D10061675B /* HNWStatisticsSDKTests.m */; };
		6F463DE925D106D10061675B /* HNWStatisticsSDKUITests.m in Sources */ = {isa = PBXBuildFile; fileRef = 6F463DE825D106D10061675B /* HNWStatisticsSDKUITests.m */; };
		6F463E0D25D1078D0061675B /* HomePageViewController.m in Sources */ = {isa = PBXBuildFile; fileRef = 6F463E0C25D1078D0061675B /* HomePageViewController.m */; };
		6F809E1025D227E600A92D01 /* HNWStatisticsBasicInfo.m in Sources */ = {isa = PBXBuildFile; fileRef = 6F809E0F25D227E600A92D01 /* HNWStatisticsBasicInfo.m */; };
		6F809E2325D22A6800A92D01 /* NotificationService.m in Sources */ = {isa = PBXBuildFile; fileRef = 6F809E2225D22A6800A92D01 /* NotificationService.m */; };
		6F809E2725D22A6800A92D01 /* NotificationService.appex in Embed App Extensions */ = {isa = PBXBuildFile; fileRef = 6F809E1F25D22A6800A92D01 /* NotificationService.appex */; settings = {ATTRIBUTES = (RemoveHeadersOnCopy, ); }; };
		6F809E3B25D230FC00A92D01 /* NSUserDefaults+HNWKit.m in Sources */ = {isa = PBXBuildFile; fileRef = 6F809E3A25D230FC00A92D01 /* NSUserDefaults+HNWKit.m */; };
		6F809E6325D23A3D00A92D01 /* HNWStatisticsBasicInfo.m in Sources */ = {isa = PBXBuildFile; fileRef = 6F809E0F25D227E600A92D01 /* HNWStatisticsBasicInfo.m */; };
		6F809E6825D23A4E00A92D01 /* NSUserDefaults+HNWKit.m in Sources */ = {isa = PBXBuildFile; fileRef = 6F809E3A25D230FC00A92D01 /* NSUserDefaults+HNWKit.m */; };
		6F809E9E25D25A7F00A92D01 /* HNWStatisticsSDK.m in Sources */ = {isa = PBXBuildFile; fileRef = 6F809E9D25D25A7F00A92D01 /* HNWStatisticsSDK.m */; };
		6F809E9F25D25A7F00A92D01 /* HNWStatisticsSDK.m in Sources */ = {isa = PBXBuildFile; fileRef = 6F809E9D25D25A7F00A92D01 /* HNWStatisticsSDK.m */; };
		6F809EA625D25AF500A92D01 /* HNWStatisticsConfiguration.m in Sources */ = {isa = PBXBuildFile; fileRef = 6F809EA525D25AF500A92D01 /* HNWStatisticsConfiguration.m */; };
		6F809EA725D25AF500A92D01 /* HNWStatisticsConfiguration.m in Sources */ = {isa = PBXBuildFile; fileRef = 6F809EA525D25AF500A92D01 /* HNWStatisticsConfiguration.m */; };
		6F809EB025D26B2900A92D01 /* HNWStatisticsLocation.m in Sources */ = {isa = PBXBuildFile; fileRef = 6F809EAF25D26B2900A92D01 /* HNWStatisticsLocation.m */; };
		6F809EB125D26B2900A92D01 /* HNWStatisticsLocation.m in Sources */ = {isa = PBXBuildFile; fileRef = 6F809EAF25D26B2900A92D01 /* HNWStatisticsLocation.m */; };
		A021F421019FC6D871929AC0 /* Pods_HNWStatisticsSDK_HNWStatisticsSDKUITests.framework in Frameworks */ = {isa = PBXBuildFile; fileRef = 693BB4709EE8D983B1BEB8F4 /* Pods_HNWStatisticsSDK_HNWStatisticsSDKUITests.framework */; };
/* End PBXBuildFile section */

/* Begin PBXContainerItemProxy section */
		6F463DDA25D106D10061675B /* PBXContainerItemProxy */ = {
			isa = PBXContainerItemProxy;
			containerPortal = 6F463DB625D106CF0061675B /* Project object */;
			proxyType = 1;
			remoteGlobalIDString = 6F463DBD25D106CF0061675B;
			remoteInfo = HNWStatisticsSDK;
		};
		6F463DE525D106D10061675B /* PBXContainerItemProxy */ = {
			isa = PBXContainerItemProxy;
			containerPortal = 6F463DB625D106CF0061675B /* Project object */;
			proxyType = 1;
			remoteGlobalIDString = 6F463DBD25D106CF0061675B;
			remoteInfo = HNWStatisticsSDK;
		};
		6F809E2525D22A6800A92D01 /* PBXContainerItemProxy */ = {
			isa = PBXContainerItemProxy;
			containerPortal = 6F463DB625D106CF0061675B /* Project object */;
			proxyType = 1;
			remoteGlobalIDString = 6F809E1E25D22A6800A92D01;
			remoteInfo = NotificationService;
		};
/* End PBXContainerItemProxy section */

/* Begin PBXCopyFilesBuildPhase section */
		6F809E2B25D22A6800A92D01 /* Embed App Extensions */ = {
			isa = PBXCopyFilesBuildPhase;
			buildActionMask = 2147483647;
			dstPath = "";
			dstSubfolderSpec = 13;
			files = (
				6F809E2725D22A6800A92D01 /* NotificationService.appex in Embed App Extensions */,
			);
			name = "Embed App Extensions";
			runOnlyForDeploymentPostprocessing = 0;
		};
/* End PBXCopyFilesBuildPhase section */

/* Begin PBXFileReference section */
		2017F473E99236C3DC70DA99 /* Pods-HNWStatisticsSDK.release.xcconfig */ = {isa = PBXFileReference; includeInIndex = 1; lastKnownFileType = text.xcconfig; name = "Pods-HNWStatisticsSDK.release.xcconfig"; path = "Target Support Files/Pods-HNWStatisticsSDK/Pods-HNWStatisticsSDK.release.xcconfig"; sourceTree = "<group>"; };
		693BB4709EE8D983B1BEB8F4 /* Pods_HNWStatisticsSDK_HNWStatisticsSDKUITests.framework */ = {isa = PBXFileReference; explicitFileType = wrapper.framework; includeInIndex = 0; path = Pods_HNWStatisticsSDK_HNWStatisticsSDKUITests.framework; sourceTree = BUILT_PRODUCTS_DIR; };
		6F463DBE25D106CF0061675B /* HNWStatisticsSDK.app */ = {isa = PBXFileReference; explicitFileType = wrapper.application; includeInIndex = 0; path = HNWStatisticsSDK.app; sourceTree = BUILT_PRODUCTS_DIR; };
		6F463DC125D106CF0061675B /* AppDelegate.h */ = {isa = PBXFileReference; lastKnownFileType = sourcecode.c.h; path = AppDelegate.h; sourceTree = "<group>"; };
		6F463DC225D106CF0061675B /* AppDelegate.m */ = {isa = PBXFileReference; lastKnownFileType = sourcecode.c.objc; path = AppDelegate.m; sourceTree = "<group>"; };
		6F463DCB25D106CF0061675B /* Base */ = {isa = PBXFileReference; lastKnownFileType = file.storyboard; name = Base; path = Base.lproj/Main.storyboard; sourceTree = "<group>"; };
		6F463DCD25D106D10061675B /* Assets.xcassets */ = {isa = PBXFileReference; lastKnownFileType = folder.assetcatalog; path = Assets.xcassets; sourceTree = "<group>"; };
		6F463DD025D106D10061675B /* Base */ = {isa = PBXFileReference; lastKnownFileType = file.storyboard; name = Base; path = Base.lproj/LaunchScreen.storyboard; sourceTree = "<group>"; };
		6F463DD225D106D10061675B /* Info.plist */ = {isa = PBXFileReference; lastKnownFileType = text.plist.xml; name = Info.plist; path = HNWStatisticsSDK/SupportingFiles/Info.plist; sourceTree = SOURCE_ROOT; };
		6F463DD325D106D10061675B /* main.m */ = {isa = PBXFileReference; lastKnownFileType = sourcecode.c.objc; path = main.m; sourceTree = "<group>"; };
		6F463DD925D106D10061675B /* HNWStatisticsSDKTests.xctest */ = {isa = PBXFileReference; explicitFileType = wrapper.cfbundle; includeInIndex = 0; path = HNWStatisticsSDKTests.xctest; sourceTree = BUILT_PRODUCTS_DIR; };
		6F463DDD25D106D10061675B /* HNWStatisticsSDKTests.m */ = {isa = PBXFileReference; lastKnownFileType = sourcecode.c.objc; path = HNWStatisticsSDKTests.m; sourceTree = "<group>"; };
		6F463DDF25D106D10061675B /* Info.plist */ = {isa = PBXFileReference; lastKnownFileType = text.plist.xml; path = Info.plist; sourceTree = "<group>"; };
		6F463DE425D106D10061675B /* HNWStatisticsSDKUITests.xctest */ = {isa = PBXFileReference; explicitFileType = wrapper.cfbundle; includeInIndex = 0; path = HNWStatisticsSDKUITests.xctest; sourceTree = BUILT_PRODUCTS_DIR; };
		6F463DE825D106D10061675B /* HNWStatisticsSDKUITests.m */ = {isa = PBXFileReference; lastKnownFileType = sourcecode.c.objc; path = HNWStatisticsSDKUITests.m; sourceTree = "<group>"; };
		6F463DEA25D106D10061675B /* Info.plist */ = {isa = PBXFileReference; lastKnownFileType = text.plist.xml; path = Info.plist; sourceTree = "<group>"; };
		6F463E0B25D1078D0061675B /* HomePageViewController.h */ = {isa = PBXFileReference; lastKnownFileType = sourcecode.c.h; path = HomePageViewController.h; sourceTree = "<group>"; };
		6F463E0C25D1078D0061675B /* HomePageViewController.m */ = {isa = PBXFileReference; lastKnownFileType = sourcecode.c.objc; path = HomePageViewController.m; sourceTree = "<group>"; };
		6F809E0E25D227E600A92D01 /* HNWStatisticsBasicInfo.h */ = {isa = PBXFileReference; lastKnownFileType = sourcecode.c.h; path = HNWStatisticsBasicInfo.h; sourceTree = "<group>"; };
		6F809E0F25D227E600A92D01 /* HNWStatisticsBasicInfo.m */ = {isa = PBXFileReference; lastKnownFileType = sourcecode.c.objc; path = HNWStatisticsBasicInfo.m; sourceTree = "<group>"; };
		6F809E1425D229C200A92D01 /* HNWStatisticsSDK.entitlements */ = {isa = PBXFileReference; lastKnownFileType = text.plist.entitlements; path = HNWStatisticsSDK.entitlements; sourceTree = "<group>"; };
		6F809E1F25D22A6800A92D01 /* NotificationService.appex */ = {isa = PBXFileReference; explicitFileType = "wrapper.app-extension"; includeInIndex = 0; path = NotificationService.appex; sourceTree = BUILT_PRODUCTS_DIR; };
		6F809E2125D22A6800A92D01 /* NotificationService.h */ = {isa = PBXFileReference; lastKnownFileType = sourcecode.c.h; path = NotificationService.h; sourceTree = "<group>"; };
		6F809E2225D22A6800A92D01 /* NotificationService.m */ = {isa = PBXFileReference; lastKnownFileType = sourcecode.c.objc; path = NotificationService.m; sourceTree = "<group>"; };
		6F809E2425D22A6800A92D01 /* Info.plist */ = {isa = PBXFileReference; lastKnownFileType = text.plist.xml; path = Info.plist; sourceTree = "<group>"; };
		6F809E3425D22A7A00A92D01 /* NotificationService.entitlements */ = {isa = PBXFileReference; lastKnownFileType = text.plist.entitlements; path = NotificationService.entitlements; sourceTree = "<group>"; };
		6F809E3925D230FC00A92D01 /* NSUserDefaults+HNWKit.h */ = {isa = PBXFileReference; lastKnownFileType = sourcecode.c.h; path = "NSUserDefaults+HNWKit.h"; sourceTree = "<group>"; };
		6F809E3A25D230FC00A92D01 /* NSUserDefaults+HNWKit.m */ = {isa = PBXFileReference; lastKnownFileType = sourcecode.c.objc; path = "NSUserDefaults+HNWKit.m"; sourceTree = "<group>"; };
		6F809E9C25D25A7F00A92D01 /* HNWStatisticsSDK.h */ = {isa = PBXFileReference; lastKnownFileType = sourcecode.c.h; path = HNWStatisticsSDK.h; sourceTree = "<group>"; };
		6F809E9D25D25A7F00A92D01 /* HNWStatisticsSDK.m */ = {isa = PBXFileReference; lastKnownFileType = sourcecode.c.objc; path = HNWStatisticsSDK.m; sourceTree = "<group>"; };
		6F809EA425D25AF500A92D01 /* HNWStatisticsConfiguration.h */ = {isa = PBXFileReference; lastKnownFileType = sourcecode.c.h; path = HNWStatisticsConfiguration.h; sourceTree = "<group>"; };
		6F809EA525D25AF500A92D01 /* HNWStatisticsConfiguration.m */ = {isa = PBXFileReference; lastKnownFileType = sourcecode.c.objc; path = HNWStatisticsConfiguration.m; sourceTree = "<group>"; };
		6F809EAC25D25D2B00A92D01 /* HNWStatisticsDefines.h */ = {isa = PBXFileReference; lastKnownFileType = sourcecode.c.h; path = HNWStatisticsDefines.h; sourceTree = "<group>"; };
		6F809EAD25D25D5B00A92D01 /* HNWStatisticsInternalDefines.h */ = {isa = PBXFileReference; lastKnownFileType = sourcecode.c.h; path = HNWStatisticsInternalDefines.h; sourceTree = "<group>"; };
		6F809EAE25D26B2900A92D01 /* HNWStatisticsLocation.h */ = {isa = PBXFileReference; lastKnownFileType = sourcecode.c.h; path = HNWStatisticsLocation.h; sourceTree = "<group>"; };
		6F809EAF25D26B2900A92D01 /* HNWStatisticsLocation.m */ = {isa = PBXFileReference; lastKnownFileType = sourcecode.c.objc; path = HNWStatisticsLocation.m; sourceTree = "<group>"; };
		7436B1EB578D091939136F5F /* Pods-HNWStatisticsSDK.debug.xcconfig */ = {isa = PBXFileReference; includeInIndex = 1; lastKnownFileType = text.xcconfig; name = "Pods-HNWStatisticsSDK.debug.xcconfig"; path = "Target Support Files/Pods-HNWStatisticsSDK/Pods-HNWStatisticsSDK.debug.xcconfig"; sourceTree = "<group>"; };
		7F61B45DE008F2A222E1CC20 /* Pods-HNWStatisticsSDKTests.release.xcconfig */ = {isa = PBXFileReference; includeInIndex = 1; lastKnownFileType = text.xcconfig; name = "Pods-HNWStatisticsSDKTests.release.xcconfig"; path = "Target Support Files/Pods-HNWStatisticsSDKTests/Pods-HNWStatisticsSDKTests.release.xcconfig"; sourceTree = "<group>"; };
		845FD42074D15A6D6179CAF5 /* Pods-HNWStatisticsSDK-HNWStatisticsSDKUITests.debug.xcconfig */ = {isa = PBXFileReference; includeInIndex = 1; lastKnownFileType = text.xcconfig; name = "Pods-HNWStatisticsSDK-HNWStatisticsSDKUITests.debug.xcconfig"; path = "Target Support Files/Pods-HNWStatisticsSDK-HNWStatisticsSDKUITests/Pods-HNWStatisticsSDK-HNWStatisticsSDKUITests.debug.xcconfig"; sourceTree = "<group>"; };
		A6B4780D6BB6AEBA59CF5393 /* Pods_HNWStatisticsSDK.framework */ = {isa = PBXFileReference; explicitFileType = wrapper.framework; includeInIndex = 0; path = Pods_HNWStatisticsSDK.framework; sourceTree = BUILT_PRODUCTS_DIR; };
		BE0D13A60BDD12F8FB47D4C8 /* Pods_HNWStatisticsSDKTests.framework */ = {isa = PBXFileReference; explicitFileType = wrapper.framework; includeInIndex = 0; path = Pods_HNWStatisticsSDKTests.framework; sourceTree = BUILT_PRODUCTS_DIR; };
		DEBEA9367A79599C22D8D103 /* Pods-HNWStatisticsSDK-HNWStatisticsSDKUITests.release.xcconfig */ = {isa = PBXFileReference; includeInIndex = 1; lastKnownFileType = text.xcconfig; name = "Pods-HNWStatisticsSDK-HNWStatisticsSDKUITests.release.xcconfig"; path = "Target Support Files/Pods-HNWStatisticsSDK-HNWStatisticsSDKUITests/Pods-HNWStatisticsSDK-HNWStatisticsSDKUITests.release.xcconfig"; sourceTree = "<group>"; };
		F450EB5B573EC8FE12E1CE77 /* Pods-HNWStatisticsSDKTests.debug.xcconfig */ = {isa = PBXFileReference; includeInIndex = 1; lastKnownFileType = text.xcconfig; name = "Pods-HNWStatisticsSDKTests.debug.xcconfig"; path = "Target Support Files/Pods-HNWStatisticsSDKTests/Pods-HNWStatisticsSDKTests.debug.xcconfig"; sourceTree = "<group>"; };
/* End PBXFileReference section */

/* Begin PBXFrameworksBuildPhase section */
		6F463DBB25D106CF0061675B /* Frameworks */ = {
			isa = PBXFrameworksBuildPhase;
			buildActionMask = 2147483647;
			files = (
				682814D9E5BCC341AB94029C /* Pods_HNWStatisticsSDK.framework in Frameworks */,
			);
			runOnlyForDeploymentPostprocessing = 0;
		};
		6F463DD625D106D10061675B /* Frameworks */ = {
			isa = PBXFrameworksBuildPhase;
			buildActionMask = 2147483647;
			files = (
				33CF77C3473A6D32525309D6 /* Pods_HNWStatisticsSDKTests.framework in Frameworks */,
			);
			runOnlyForDeploymentPostprocessing = 0;
		};
		6F463DE125D106D10061675B /* Frameworks */ = {
			isa = PBXFrameworksBuildPhase;
			buildActionMask = 2147483647;
			files = (
				A021F421019FC6D871929AC0 /* Pods_HNWStatisticsSDK_HNWStatisticsSDKUITests.framework in Frameworks */,
			);
			runOnlyForDeploymentPostprocessing = 0;
		};
		6F809E1C25D22A6800A92D01 /* Frameworks */ = {
			isa = PBXFrameworksBuildPhase;
			buildActionMask = 2147483647;
			files = (
			);
			runOnlyForDeploymentPostprocessing = 0;
		};
/* End PBXFrameworksBuildPhase section */

/* Begin PBXGroup section */
		4F5BB4ECCE3657959E02D0F4 /* Pods */ = {
			isa = PBXGroup;
			children = (
				7436B1EB578D091939136F5F /* Pods-HNWStatisticsSDK.debug.xcconfig */,
				2017F473E99236C3DC70DA99 /* Pods-HNWStatisticsSDK.release.xcconfig */,
				845FD42074D15A6D6179CAF5 /* Pods-HNWStatisticsSDK-HNWStatisticsSDKUITests.debug.xcconfig */,
				DEBEA9367A79599C22D8D103 /* Pods-HNWStatisticsSDK-HNWStatisticsSDKUITests.release.xcconfig */,
				F450EB5B573EC8FE12E1CE77 /* Pods-HNWStatisticsSDKTests.debug.xcconfig */,
				7F61B45DE008F2A222E1CC20 /* Pods-HNWStatisticsSDKTests.release.xcconfig */,
			);
			path = Pods;
			sourceTree = "<group>";
		};
		5329299CB6CB65D40812EDC7 /* Frameworks */ = {
			isa = PBXGroup;
			children = (
				A6B4780D6BB6AEBA59CF5393 /* Pods_HNWStatisticsSDK.framework */,
				693BB4709EE8D983B1BEB8F4 /* Pods_HNWStatisticsSDK_HNWStatisticsSDKUITests.framework */,
				BE0D13A60BDD12F8FB47D4C8 /* Pods_HNWStatisticsSDKTests.framework */,
			);
			name = Frameworks;
			sourceTree = "<group>";
		};
		6F463DB525D106CF0061675B = {
			isa = PBXGroup;
			children = (
				6F809E9B25D25A5400A92D01 /* Statistics */,
				6F463DC025D106CF0061675B /* HNWStatisticsSDK */,
				6F463DDC25D106D10061675B /* HNWStatisticsSDKTests */,
				6F463DE725D106D10061675B /* HNWStatisticsSDKUITests */,
				6F809E2025D22A6800A92D01 /* NotificationService */,
				6F463DBF25D106CF0061675B /* Products */,
				4F5BB4ECCE3657959E02D0F4 /* Pods */,
				5329299CB6CB65D40812EDC7 /* Frameworks */,
			);
			sourceTree = "<group>";
		};
		6F463DBF25D106CF0061675B /* Products */ = {
			isa = PBXGroup;
			children = (
				6F463DBE25D106CF0061675B /* HNWStatisticsSDK.app */,
				6F463DD925D106D10061675B /* HNWStatisticsSDKTests.xctest */,
				6F463DE425D106D10061675B /* HNWStatisticsSDKUITests.xctest */,
				6F809E1F25D22A6800A92D01 /* NotificationService.appex */,
			);
			name = Products;
			sourceTree = "<group>";
		};
		6F463DC025D106CF0061675B /* HNWStatisticsSDK */ = {
			isa = PBXGroup;
			children = (
				6F809E1425D229C200A92D01 /* HNWStatisticsSDK.entitlements */,
				6F463DC125D106CF0061675B /* AppDelegate.h */,
				6F463DC225D106CF0061675B /* AppDelegate.m */,
				6F463E0B25D1078D0061675B /* HomePageViewController.h */,
				6F463E0C25D1078D0061675B /* HomePageViewController.m */,
				6F463E1125D109950061675B /* SupportingFiles */,
			);
			path = HNWStatisticsSDK;
			sourceTree = "<group>";
		};
		6F463DDC25D106D10061675B /* HNWStatisticsSDKTests */ = {
			isa = PBXGroup;
			children = (
				6F463DDD25D106D10061675B /* HNWStatisticsSDKTests.m */,
				6F463DDF25D106D10061675B /* Info.plist */,
			);
			path = HNWStatisticsSDKTests;
			sourceTree = "<group>";
		};
		6F463DE725D106D10061675B /* HNWStatisticsSDKUITests */ = {
			isa = PBXGroup;
			children = (
				6F463DE825D106D10061675B /* HNWStatisticsSDKUITests.m */,
				6F463DEA25D106D10061675B /* Info.plist */,
			);
			path = HNWStatisticsSDKUITests;
			sourceTree = "<group>";
		};
		6F463E1125D109950061675B /* SupportingFiles */ = {
			isa = PBXGroup;
			children = (
				6F463DCA25D106CF0061675B /* Main.storyboard */,
				6F463DCD25D106D10061675B /* Assets.xcassets */,
				6F463DCF25D106D10061675B /* LaunchScreen.storyboard */,
				6F463DD225D106D10061675B /* Info.plist */,
				6F463DD325D106D10061675B /* main.m */,
			);
			path = SupportingFiles;
			sourceTree = "<group>";
		};
		6F809E2025D22A6800A92D01 /* NotificationService */ = {
			isa = PBXGroup;
			children = (
				6F809E3425D22A7A00A92D01 /* NotificationService.entitlements */,
				6F809E2125D22A6800A92D01 /* NotificationService.h */,
				6F809E2225D22A6800A92D01 /* NotificationService.m */,
				6F809E2425D22A6800A92D01 /* Info.plist */,
			);
			path = NotificationService;
			sourceTree = "<group>";
		};
		6F809E9B25D25A5400A92D01 /* Statistics */ = {
			isa = PBXGroup;
			children = (
				6F809E9C25D25A7F00A92D01 /* HNWStatisticsSDK.h */,
				6F809E9D25D25A7F00A92D01 /* HNWStatisticsSDK.m */,
				6F809EAC25D25D2B00A92D01 /* HNWStatisticsDefines.h */,
				6F809EAD25D25D5B00A92D01 /* HNWStatisticsInternalDefines.h */,
				6F809EA425D25AF500A92D01 /* HNWStatisticsConfiguration.h */,
				6F809EA525D25AF500A92D01 /* HNWStatisticsConfiguration.m */,
				6F809EAE25D26B2900A92D01 /* HNWStatisticsLocation.h */,
				6F809EAF25D26B2900A92D01 /* HNWStatisticsLocation.m */,
				6F809E0E25D227E600A92D01 /* HNWStatisticsBasicInfo.h */,
				6F809E0F25D227E600A92D01 /* HNWStatisticsBasicInfo.m */,
				6F809E3925D230FC00A92D01 /* NSUserDefaults+HNWKit.h */,
				6F809E3A25D230FC00A92D01 /* NSUserDefaults+HNWKit.m */,
			);
			path = Statistics;
			sourceTree = "<group>";
		};
/* End PBXGroup section */

/* Begin PBXNativeTarget section */
		6F463DBD25D106CF0061675B /* HNWStatisticsSDK */ = {
			isa = PBXNativeTarget;
			buildConfigurationList = 6F463DED25D106D10061675B /* Build configuration list for PBXNativeTarget "HNWStatisticsSDK" */;
			buildPhases = (
				32D1BB8C397460BA5D649F81 /* [CP] Check Pods Manifest.lock */,
				6F463DBA25D106CF0061675B /* Sources */,
				6F463DBB25D106CF0061675B /* Frameworks */,
				6F463DBC25D106CF0061675B /* Resources */,
				00284B4AE6DEA1F1F854132C /* [CP] Embed Pods Frameworks */,
				6F809E2B25D22A6800A92D01 /* Embed App Extensions */,
			);
			buildRules = (
			);
			dependencies = (
				6F809E2625D22A6800A92D01 /* PBXTargetDependency */,
			);
			name = HNWStatisticsSDK;
			productName = HNWStatisticsSDK;
			productReference = 6F463DBE25D106CF0061675B /* HNWStatisticsSDK.app */;
			productType = "com.apple.product-type.application";
		};
		6F463DD825D106D10061675B /* HNWStatisticsSDKTests */ = {
			isa = PBXNativeTarget;
			buildConfigurationList = 6F463DF025D106D10061675B /* Build configuration list for PBXNativeTarget "HNWStatisticsSDKTests" */;
			buildPhases = (
				7E9B68F2DE5DD84941C5FF10 /* [CP] Check Pods Manifest.lock */,
				6F463DD525D106D10061675B /* Sources */,
				6F463DD625D106D10061675B /* Frameworks */,
				6F463DD725D106D10061675B /* Resources */,
			);
			buildRules = (
			);
			dependencies = (
				6F463DDB25D106D10061675B /* PBXTargetDependency */,
			);
			name = HNWStatisticsSDKTests;
			productName = HNWStatisticsSDKTests;
			productReference = 6F463DD925D106D10061675B /* HNWStatisticsSDKTests.xctest */;
			productType = "com.apple.product-type.bundle.unit-test";
		};
		6F463DE325D106D10061675B /* HNWStatisticsSDKUITests */ = {
			isa = PBXNativeTarget;
			buildConfigurationList = 6F463DF325D106D10061675B /* Build configuration list for PBXNativeTarget "HNWStatisticsSDKUITests" */;
			buildPhases = (
				E320329A31E61260B72038AD /* [CP] Check Pods Manifest.lock */,
				6F463DE025D106D10061675B /* Sources */,
				6F463DE125D106D10061675B /* Frameworks */,
				6F463DE225D106D10061675B /* Resources */,
				515D8A4458CFE17C13AC8AC6 /* [CP] Embed Pods Frameworks */,
			);
			buildRules = (
			);
			dependencies = (
				6F463DE625D106D10061675B /* PBXTargetDependency */,
			);
			name = HNWStatisticsSDKUITests;
			productName = HNWStatisticsSDKUITests;
			productReference = 6F463DE425D106D10061675B /* HNWStatisticsSDKUITests.xctest */;
			productType = "com.apple.product-type.bundle.ui-testing";
		};
		6F809E1E25D22A6800A92D01 /* NotificationService */ = {
			isa = PBXNativeTarget;
			buildConfigurationList = 6F809E2825D22A6800A92D01 /* Build configuration list for PBXNativeTarget "NotificationService" */;
			buildPhases = (
				6F809E1B25D22A6800A92D01 /* Sources */,
				6F809E1C25D22A6800A92D01 /* Frameworks */,
				6F809E1D25D22A6800A92D01 /* Resources */,
			);
			buildRules = (
			);
			dependencies = (
			);
			name = NotificationService;
			productName = NotificationService;
			productReference = 6F809E1F25D22A6800A92D01 /* NotificationService.appex */;
			productType = "com.apple.product-type.app-extension";
		};
/* End PBXNativeTarget section */

/* Begin PBXProject section */
		6F463DB625D106CF0061675B /* Project object */ = {
			isa = PBXProject;
			attributes = {
				LastUpgradeCheck = 1240;
				TargetAttributes = {
					6F463DBD25D106CF0061675B = {
						CreatedOnToolsVersion = 12.4;
					};
					6F463DD825D106D10061675B = {
						CreatedOnToolsVersion = 12.4;
						TestTargetID = 6F463DBD25D106CF0061675B;
					};
					6F463DE325D106D10061675B = {
						CreatedOnToolsVersion = 12.4;
						TestTargetID = 6F463DBD25D106CF0061675B;
					};
					6F809E1E25D22A6800A92D01 = {
						CreatedOnToolsVersion = 12.4;
					};
				};
			};
			buildConfigurationList = 6F463DB925D106CF0061675B /* Build configuration list for PBXProject "HNWStatisticsSDK" */;
			compatibilityVersion = "Xcode 9.3";
			developmentRegion = en;
			hasScannedForEncodings = 0;
			knownRegions = (
				en,
				Base,
			);
			mainGroup = 6F463DB525D106CF0061675B;
			productRefGroup = 6F463DBF25D106CF0061675B /* Products */;
			projectDirPath = "";
			projectRoot = "";
			targets = (
				6F463DBD25D106CF0061675B /* HNWStatisticsSDK */,
				6F809E1E25D22A6800A92D01 /* NotificationService */,
				6F463DD825D106D10061675B /* HNWStatisticsSDKTests */,
				6F463DE325D106D10061675B /* HNWStatisticsSDKUITests */,
			);
		};
/* End PBXProject section */

/* Begin PBXResourcesBuildPhase section */
		6F463DBC25D106CF0061675B /* Resources */ = {
			isa = PBXResourcesBuildPhase;
			buildActionMask = 2147483647;
			files = (
				6F463DD125D106D10061675B /* LaunchScreen.storyboard in Resources */,
				6F463DCE25D106D10061675B /* Assets.xcassets in Resources */,
				6F463DCC25D106CF0061675B /* Main.storyboard in Resources */,
			);
			runOnlyForDeploymentPostprocessing = 0;
		};
		6F463DD725D106D10061675B /* Resources */ = {
			isa = PBXResourcesBuildPhase;
			buildActionMask = 2147483647;
			files = (
			);
			runOnlyForDeploymentPostprocessing = 0;
		};
		6F463DE225D106D10061675B /* Resources */ = {
			isa = PBXResourcesBuildPhase;
			buildActionMask = 2147483647;
			files = (
			);
			runOnlyForDeploymentPostprocessing = 0;
		};
		6F809E1D25D22A6800A92D01 /* Resources */ = {
			isa = PBXResourcesBuildPhase;
			buildActionMask = 2147483647;
			files = (
			);
			runOnlyForDeploymentPostprocessing = 0;
		};
/* End PBXResourcesBuildPhase section */

/* Begin PBXShellScriptBuildPhase section */
		00284B4AE6DEA1F1F854132C /* [CP] Embed Pods Frameworks */ = {
			isa = PBXShellScriptBuildPhase;
			buildActionMask = 2147483647;
			files = (
			);
			inputFileListPaths = (
				"${PODS_ROOT}/Target Support Files/Pods-HNWStatisticsSDK/Pods-HNWStatisticsSDK-frameworks-${CONFIGURATION}-input-files.xcfilelist",
			);
			name = "[CP] Embed Pods Frameworks";
			outputFileListPaths = (
				"${PODS_ROOT}/Target Support Files/Pods-HNWStatisticsSDK/Pods-HNWStatisticsSDK-frameworks-${CONFIGURATION}-output-files.xcfilelist",
			);
			runOnlyForDeploymentPostprocessing = 0;
			shellPath = /bin/sh;
			shellScript = "\"${PODS_ROOT}/Target Support Files/Pods-HNWStatisticsSDK/Pods-HNWStatisticsSDK-frameworks.sh\"\n";
			showEnvVarsInLog = 0;
		};
		32D1BB8C397460BA5D649F81 /* [CP] Check Pods Manifest.lock */ = {
			isa = PBXShellScriptBuildPhase;
			buildActionMask = 2147483647;
			files = (
			);
			inputFileListPaths = (
			);
			inputPaths = (
				"${PODS_PODFILE_DIR_PATH}/Podfile.lock",
				"${PODS_ROOT}/Manifest.lock",
			);
			name = "[CP] Check Pods Manifest.lock";
			outputFileListPaths = (
			);
			outputPaths = (
				"$(DERIVED_FILE_DIR)/Pods-HNWStatisticsSDK-checkManifestLockResult.txt",
			);
			runOnlyForDeploymentPostprocessing = 0;
			shellPath = /bin/sh;
			shellScript = "diff \"${PODS_PODFILE_DIR_PATH}/Podfile.lock\" \"${PODS_ROOT}/Manifest.lock\" > /dev/null\nif [ $? != 0 ] ; then\n    # print error to STDERR\n    echo \"error: The sandbox is not in sync with the Podfile.lock. Run 'pod install' or update your CocoaPods installation.\" >&2\n    exit 1\nfi\n# This output is used by Xcode 'outputs' to avoid re-running this script phase.\necho \"SUCCESS\" > \"${SCRIPT_OUTPUT_FILE_0}\"\n";
			showEnvVarsInLog = 0;
		};
		515D8A4458CFE17C13AC8AC6 /* [CP] Embed Pods Frameworks */ = {
			isa = PBXShellScriptBuildPhase;
			buildActionMask = 2147483647;
			files = (
			);
			inputFileListPaths = (
				"${PODS_ROOT}/Target Support Files/Pods-HNWStatisticsSDK-HNWStatisticsSDKUITests/Pods-HNWStatisticsSDK-HNWStatisticsSDKUITests-frameworks-${CONFIGURATION}-input-files.xcfilelist",
			);
			name = "[CP] Embed Pods Frameworks";
			outputFileListPaths = (
				"${PODS_ROOT}/Target Support Files/Pods-HNWStatisticsSDK-HNWStatisticsSDKUITests/Pods-HNWStatisticsSDK-HNWStatisticsSDKUITests-frameworks-${CONFIGURATION}-output-files.xcfilelist",
			);
			runOnlyForDeploymentPostprocessing = 0;
			shellPath = /bin/sh;
			shellScript = "\"${PODS_ROOT}/Target Support Files/Pods-HNWStatisticsSDK-HNWStatisticsSDKUITests/Pods-HNWStatisticsSDK-HNWStatisticsSDKUITests-frameworks.sh\"\n";
			showEnvVarsInLog = 0;
		};
		7E9B68F2DE5DD84941C5FF10 /* [CP] Check Pods Manifest.lock */ = {
			isa = PBXShellScriptBuildPhase;
			buildActionMask = 2147483647;
			files = (
			);
			inputFileListPaths = (
			);
			inputPaths = (
				"${PODS_PODFILE_DIR_PATH}/Podfile.lock",
				"${PODS_ROOT}/Manifest.lock",
			);
			name = "[CP] Check Pods Manifest.lock";
			outputFileListPaths = (
			);
			outputPaths = (
				"$(DERIVED_FILE_DIR)/Pods-HNWStatisticsSDKTests-checkManifestLockResult.txt",
			);
			runOnlyForDeploymentPostprocessing = 0;
			shellPath = /bin/sh;
			shellScript = "diff \"${PODS_PODFILE_DIR_PATH}/Podfile.lock\" \"${PODS_ROOT}/Manifest.lock\" > /dev/null\nif [ $? != 0 ] ; then\n    # print error to STDERR\n    echo \"error: The sandbox is not in sync with the Podfile.lock. Run 'pod install' or update your CocoaPods installation.\" >&2\n    exit 1\nfi\n# This output is used by Xcode 'outputs' to avoid re-running this script phase.\necho \"SUCCESS\" > \"${SCRIPT_OUTPUT_FILE_0}\"\n";
			showEnvVarsInLog = 0;
		};
		E320329A31E61260B72038AD /* [CP] Check Pods Manifest.lock */ = {
			isa = PBXShellScriptBuildPhase;
			buildActionMask = 2147483647;
			files = (
			);
			inputFileListPaths = (
			);
			inputPaths = (
				"${PODS_PODFILE_DIR_PATH}/Podfile.lock",
				"${PODS_ROOT}/Manifest.lock",
			);
			name = "[CP] Check Pods Manifest.lock";
			outputFileListPaths = (
			);
			outputPaths = (
				"$(DERIVED_FILE_DIR)/Pods-HNWStatisticsSDK-HNWStatisticsSDKUITests-checkManifestLockResult.txt",
			);
			runOnlyForDeploymentPostprocessing = 0;
			shellPath = /bin/sh;
			shellScript = "diff \"${PODS_PODFILE_DIR_PATH}/Podfile.lock\" \"${PODS_ROOT}/Manifest.lock\" > /dev/null\nif [ $? != 0 ] ; then\n    # print error to STDERR\n    echo \"error: The sandbox is not in sync with the Podfile.lock. Run 'pod install' or update your CocoaPods installation.\" >&2\n    exit 1\nfi\n# This output is used by Xcode 'outputs' to avoid re-running this script phase.\necho \"SUCCESS\" > \"${SCRIPT_OUTPUT_FILE_0}\"\n";
			showEnvVarsInLog = 0;
		};
/* End PBXShellScriptBuildPhase section */

/* Begin PBXSourcesBuildPhase section */
		6F463DBA25D106CF0061675B /* Sources */ = {
			isa = PBXSourcesBuildPhase;
			buildActionMask = 2147483647;
			files = (
				6F463DC325D106CF0061675B /* AppDelegate.m in Sources */,
				6F809EA625D25AF500A92D01 /* HNWStatisticsConfiguration.m in Sources */,
				6F809E1025D227E600A92D01 /* HNWStatisticsBasicInfo.m in Sources */,
				6F809EB025D26B2900A92D01 /* HNWStatisticsLocation.m in Sources */,
				6F809E3B25D230FC00A92D01 /* NSUserDefaults+HNWKit.m in Sources */,
				6F463DD425D106D10061675B /* main.m in Sources */,
				6F463E0D25D1078D0061675B /* HomePageViewController.m in Sources */,
				6F809E9E25D25A7F00A92D01 /* HNWStatisticsSDK.m in Sources */,
			);
			runOnlyForDeploymentPostprocessing = 0;
		};
		6F463DD525D106D10061675B /* Sources */ = {
			isa = PBXSourcesBuildPhase;
			buildActionMask = 2147483647;
			files = (
				6F463DDE25D106D10061675B /* HNWStatisticsSDKTests.m in Sources */,
			);
			runOnlyForDeploymentPostprocessing = 0;
		};
		6F463DE025D106D10061675B /* Sources */ = {
			isa = PBXSourcesBuildPhase;
			buildActionMask = 2147483647;
			files = (
				6F463DE925D106D10061675B /* HNWStatisticsSDKUITests.m in Sources */,
			);
			runOnlyForDeploymentPostprocessing = 0;
		};
		6F809E1B25D22A6800A92D01 /* Sources */ = {
			isa = PBXSourcesBuildPhase;
			buildActionMask = 2147483647;
			files = (
				6F809E2325D22A6800A92D01 /* NotificationService.m in Sources */,
				6F809E6325D23A3D00A92D01 /* HNWStatisticsBasicInfo.m in Sources */,
				6F809E6825D23A4E00A92D01 /* NSUserDefaults+HNWKit.m in Sources */,
				6F809E9F25D25A7F00A92D01 /* HNWStatisticsSDK.m in Sources */,
				6F809EA725D25AF500A92D01 /* HNWStatisticsConfiguration.m in Sources */,
				6F809EB125D26B2900A92D01 /* HNWStatisticsLocation.m in Sources */,
			);
			runOnlyForDeploymentPostprocessing = 0;
		};
/* End PBXSourcesBuildPhase section */

/* Begin PBXTargetDependency section */
		6F463DDB25D106D10061675B /* PBXTargetDependency */ = {
			isa = PBXTargetDependency;
			target = 6F463DBD25D106CF0061675B /* HNWStatisticsSDK */;
			targetProxy = 6F463DDA25D106D10061675B /* PBXContainerItemProxy */;
		};
		6F463DE625D106D10061675B /* PBXTargetDependency */ = {
			isa = PBXTargetDependency;
			target = 6F463DBD25D106CF0061675B /* HNWStatisticsSDK */;
			targetProxy = 6F463DE525D106D10061675B /* PBXContainerItemProxy */;
		};
		6F809E2625D22A6800A92D01 /* PBXTargetDependency */ = {
			isa = PBXTargetDependency;
			target = 6F809E1E25D22A6800A92D01 /* NotificationService */;
			targetProxy = 6F809E2525D22A6800A92D01 /* PBXContainerItemProxy */;
		};
/* End PBXTargetDependency section */

/* Begin PBXVariantGroup section */
		6F463DCA25D106CF0061675B /* Main.storyboard */ = {
			isa = PBXVariantGroup;
			children = (
				6F463DCB25D106CF0061675B /* Base */,
			);
			name = Main.storyboard;
			sourceTree = "<group>";
		};
		6F463DCF25D106D10061675B /* LaunchScreen.storyboard */ = {
			isa = PBXVariantGroup;
			children = (
				6F463DD025D106D10061675B /* Base */,
			);
			name = LaunchScreen.storyboard;
			sourceTree = "<group>";
		};
/* End PBXVariantGroup section */

/* Begin XCBuildConfiguration section */
		6F463DEB25D106D10061675B /* Debug */ = {
			isa = XCBuildConfiguration;
			buildSettings = {
				ALWAYS_SEARCH_USER_PATHS = NO;
				CLANG_ANALYZER_NONNULL = YES;
				CLANG_ANALYZER_NUMBER_OBJECT_CONVERSION = YES_AGGRESSIVE;
				CLANG_CXX_LANGUAGE_STANDARD = "gnu++14";
				CLANG_CXX_LIBRARY = "libc++";
				CLANG_ENABLE_MODULES = YES;
				CLANG_ENABLE_OBJC_ARC = YES;
				CLANG_ENABLE_OBJC_WEAK = YES;
				CLANG_WARN_BLOCK_CAPTURE_AUTORELEASING = YES;
				CLANG_WARN_BOOL_CONVERSION = YES;
				CLANG_WARN_COMMA = YES;
				CLANG_WARN_CONSTANT_CONVERSION = YES;
				CLANG_WARN_DEPRECATED_OBJC_IMPLEMENTATIONS = YES;
				CLANG_WARN_DIRECT_OBJC_ISA_USAGE = YES_ERROR;
				CLANG_WARN_DOCUMENTATION_COMMENTS = YES;
				CLANG_WARN_EMPTY_BODY = YES;
				CLANG_WARN_ENUM_CONVERSION = YES;
				CLANG_WARN_INFINITE_RECURSION = YES;
				CLANG_WARN_INT_CONVERSION = YES;
				CLANG_WARN_NON_LITERAL_NULL_CONVERSION = YES;
				CLANG_WARN_OBJC_IMPLICIT_RETAIN_SELF = YES;
				CLANG_WARN_OBJC_LITERAL_CONVERSION = YES;
				CLANG_WARN_OBJC_ROOT_CLASS = YES_ERROR;
				CLANG_WARN_QUOTED_INCLUDE_IN_FRAMEWORK_HEADER = YES;
				CLANG_WARN_RANGE_LOOP_ANALYSIS = YES;
				CLANG_WARN_STRICT_PROTOTYPES = YES;
				CLANG_WARN_SUSPICIOUS_MOVE = YES;
				CLANG_WARN_UNGUARDED_AVAILABILITY = YES_AGGRESSIVE;
				CLANG_WARN_UNREACHABLE_CODE = YES;
				CLANG_WARN__DUPLICATE_METHOD_MATCH = YES;
				COPY_PHASE_STRIP = NO;
				DEBUG_INFORMATION_FORMAT = dwarf;
				ENABLE_STRICT_OBJC_MSGSEND = YES;
				ENABLE_TESTABILITY = YES;
				GCC_C_LANGUAGE_STANDARD = gnu11;
				GCC_DYNAMIC_NO_PIC = NO;
				GCC_NO_COMMON_BLOCKS = YES;
				GCC_OPTIMIZATION_LEVEL = 0;
				GCC_PREPROCESSOR_DEFINITIONS = (
					"DEBUG=1",
					"$(inherited)",
				);
				GCC_WARN_64_TO_32_BIT_CONVERSION = YES;
				GCC_WARN_ABOUT_RETURN_TYPE = YES_ERROR;
				GCC_WARN_UNDECLARED_SELECTOR = YES;
				GCC_WARN_UNINITIALIZED_AUTOS = YES_AGGRESSIVE;
				GCC_WARN_UNUSED_FUNCTION = YES;
				GCC_WARN_UNUSED_VARIABLE = YES;
				IPHONEOS_DEPLOYMENT_TARGET = 9.0;
				MTL_ENABLE_DEBUG_INFO = INCLUDE_SOURCE;
				MTL_FAST_MATH = YES;
				ONLY_ACTIVE_ARCH = YES;
				SDKROOT = iphoneos;
			};
			name = Debug;
		};
		6F463DEC25D106D10061675B /* Release */ = {
			isa = XCBuildConfiguration;
			buildSettings = {
				ALWAYS_SEARCH_USER_PATHS = NO;
				CLANG_ANALYZER_NONNULL = YES;
				CLANG_ANALYZER_NUMBER_OBJECT_CONVERSION = YES_AGGRESSIVE;
				CLANG_CXX_LANGUAGE_STANDARD = "gnu++14";
				CLANG_CXX_LIBRARY = "libc++";
				CLANG_ENABLE_MODULES = YES;
				CLANG_ENABLE_OBJC_ARC = YES;
				CLANG_ENABLE_OBJC_WEAK = YES;
				CLANG_WARN_BLOCK_CAPTURE_AUTORELEASING = YES;
				CLANG_WARN_BOOL_CONVERSION = YES;
				CLANG_WARN_COMMA = YES;
				CLANG_WARN_CONSTANT_CONVERSION = YES;
				CLANG_WARN_DEPRECATED_OBJC_IMPLEMENTATIONS = YES;
				CLANG_WARN_DIRECT_OBJC_ISA_USAGE = YES_ERROR;
				CLANG_WARN_DOCUMENTATION_COMMENTS = YES;
				CLANG_WARN_EMPTY_BODY = YES;
				CLANG_WARN_ENUM_CONVERSION = YES;
				CLANG_WARN_INFINITE_RECURSION = YES;
				CLANG_WARN_INT_CONVERSION = YES;
				CLANG_WARN_NON_LITERAL_NULL_CONVERSION = YES;
				CLANG_WARN_OBJC_IMPLICIT_RETAIN_SELF = YES;
				CLANG_WARN_OBJC_LITERAL_CONVERSION = YES;
				CLANG_WARN_OBJC_ROOT_CLASS = YES_ERROR;
				CLANG_WARN_QUOTED_INCLUDE_IN_FRAMEWORK_HEADER = YES;
				CLANG_WARN_RANGE_LOOP_ANALYSIS = YES;
				CLANG_WARN_STRICT_PROTOTYPES = YES;
				CLANG_WARN_SUSPICIOUS_MOVE = YES;
				CLANG_WARN_UNGUARDED_AVAILABILITY = YES_AGGRESSIVE;
				CLANG_WARN_UNREACHABLE_CODE = YES;
				CLANG_WARN__DUPLICATE_METHOD_MATCH = YES;
				COPY_PHASE_STRIP = NO;
				DEBUG_INFORMATION_FORMAT = "dwarf-with-dsym";
				ENABLE_NS_ASSERTIONS = NO;
				ENABLE_STRICT_OBJC_MSGSEND = YES;
				GCC_C_LANGUAGE_STANDARD = gnu11;
				GCC_NO_COMMON_BLOCKS = YES;
				GCC_WARN_64_TO_32_BIT_CONVERSION = YES;
				GCC_WARN_ABOUT_RETURN_TYPE = YES_ERROR;
				GCC_WARN_UNDECLARED_SELECTOR = YES;
				GCC_WARN_UNINITIALIZED_AUTOS = YES_AGGRESSIVE;
				GCC_WARN_UNUSED_FUNCTION = YES;
				GCC_WARN_UNUSED_VARIABLE = YES;
				IPHONEOS_DEPLOYMENT_TARGET = 9.0;
				MTL_ENABLE_DEBUG_INFO = NO;
				MTL_FAST_MATH = YES;
				SDKROOT = iphoneos;
				VALIDATE_PRODUCT = YES;
			};
			name = Release;
		};
		6F463DEE25D106D10061675B /* Debug */ = {
			isa = XCBuildConfiguration;
			baseConfigurationReference = 7436B1EB578D091939136F5F /* Pods-HNWStatisticsSDK.debug.xcconfig */;
			buildSettings = {
				ASSETCATALOG_COMPILER_APPICON_NAME = AppIcon;
				ASSETCATALOG_COMPILER_GLOBAL_ACCENT_COLOR_NAME = AccentColor;
				CODE_SIGN_ENTITLEMENTS = HNWStatisticsSDK/HNWStatisticsSDK.entitlements;
				CODE_SIGN_STYLE = Automatic;
				CURRENT_PROJECT_VERSION = 1.0.00.0;
				DEVELOPMENT_TEAM = MYLHBGJFAY;
				INFOPLIST_FILE = HNWStatisticsSDK/SupportingFiles/Info.plist;
				LD_RUNPATH_SEARCH_PATHS = (
					"$(inherited)",
					"@executable_path/Frameworks",
				);
				MARKETING_VERSION = 1.0.00;
				PRODUCT_BUNDLE_IDENTIFIER = com.young.HNWStatisticsSDK;
				PRODUCT_NAME = "$(TARGET_NAME)";
				TARGETED_DEVICE_FAMILY = 1;
			};
			name = Debug;
		};
		6F463DEF25D106D10061675B /* Release */ = {
			isa = XCBuildConfiguration;
			baseConfigurationReference = 2017F473E99236C3DC70DA99 /* Pods-HNWStatisticsSDK.release.xcconfig */;
			buildSettings = {
				ASSETCATALOG_COMPILER_APPICON_NAME = AppIcon;
				ASSETCATALOG_COMPILER_GLOBAL_ACCENT_COLOR_NAME = AccentColor;
				CODE_SIGN_ENTITLEMENTS = HNWStatisticsSDK/HNWStatisticsSDK.entitlements;
				CODE_SIGN_STYLE = Automatic;
				CURRENT_PROJECT_VERSION = 1.0.00.0;
				DEVELOPMENT_TEAM = MYLHBGJFAY;
				INFOPLIST_FILE = HNWStatisticsSDK/SupportingFiles/Info.plist;
				LD_RUNPATH_SEARCH_PATHS = (
					"$(inherited)",
					"@executable_path/Frameworks",
				);
				MARKETING_VERSION = 1.0.00;
				PRODUCT_BUNDLE_IDENTIFIER = com.young.HNWStatisticsSDK;
				PRODUCT_NAME = "$(TARGET_NAME)";
				TARGETED_DEVICE_FAMILY = 1;
			};
			name = Release;
		};
		6F463DF125D106D10061675B /* Debug */ = {
			isa = XCBuildConfiguration;
			baseConfigurationReference = F450EB5B573EC8FE12E1CE77 /* Pods-HNWStatisticsSDKTests.debug.xcconfig */;
			buildSettings = {
				BUNDLE_LOADER = "$(TEST_HOST)";
				CODE_SIGN_STYLE = Automatic;
				DEVELOPMENT_TEAM = MYLHBGJFAY;
				INFOPLIST_FILE = HNWStatisticsSDKTests/Info.plist;
				IPHONEOS_DEPLOYMENT_TARGET = 14.4;
				LD_RUNPATH_SEARCH_PATHS = (
					"$(inherited)",
					"@executable_path/Frameworks",
					"@loader_path/Frameworks",
				);
				PRODUCT_BUNDLE_IDENTIFIER = com.young.HNWStatisticsSDKTests;
				PRODUCT_NAME = "$(TARGET_NAME)";
				TARGETED_DEVICE_FAMILY = "1,2";
				TEST_HOST = "$(BUILT_PRODUCTS_DIR)/HNWStatisticsSDK.app/HNWStatisticsSDK";
			};
			name = Debug;
		};
		6F463DF225D106D10061675B /* Release */ = {
			isa = XCBuildConfiguration;
			baseConfigurationReference = 7F61B45DE008F2A222E1CC20 /* Pods-HNWStatisticsSDKTests.release.xcconfig */;
			buildSettings = {
				BUNDLE_LOADER = "$(TEST_HOST)";
				CODE_SIGN_STYLE = Automatic;
				DEVELOPMENT_TEAM = MYLHBGJFAY;
				INFOPLIST_FILE = HNWStatisticsSDKTests/Info.plist;
				IPHONEOS_DEPLOYMENT_TARGET = 14.4;
				LD_RUNPATH_SEARCH_PATHS = (
					"$(inherited)",
					"@executable_path/Frameworks",
					"@loader_path/Frameworks",
				);
				PRODUCT_BUNDLE_IDENTIFIER = com.young.HNWStatisticsSDKTests;
				PRODUCT_NAME = "$(TARGET_NAME)";
				TARGETED_DEVICE_FAMILY = "1,2";
				TEST_HOST = "$(BUILT_PRODUCTS_DIR)/HNWStatisticsSDK.app/HNWStatisticsSDK";
			};
			name = Release;
		};
		6F463DF425D106D10061675B /* Debug */ = {
			isa = XCBuildConfiguration;
			baseConfigurationReference = 845FD42074D15A6D6179CAF5 /* Pods-HNWStatisticsSDK-HNWStatisticsSDKUITests.debug.xcconfig */;
			buildSettings = {
				CODE_SIGN_STYLE = Automatic;
				INFOPLIST_FILE = HNWStatisticsSDKUITests/Info.plist;
				LD_RUNPATH_SEARCH_PATHS = (
					"$(inherited)",
					"@executable_path/Frameworks",
					"@loader_path/Frameworks",
				);
				PRODUCT_BUNDLE_IDENTIFIER = com.young.HNWStatisticsSDKUITests;
				PRODUCT_NAME = "$(TARGET_NAME)";
				TARGETED_DEVICE_FAMILY = "1,2";
				TEST_TARGET_NAME = HNWStatisticsSDK;
			};
			name = Debug;
		};
		6F463DF525D106D10061675B /* Release */ = {
			isa = XCBuildConfiguration;
			baseConfigurationReference = DEBEA9367A79599C22D8D103 /* Pods-HNWStatisticsSDK-HNWStatisticsSDKUITests.release.xcconfig */;
			buildSettings = {
				CODE_SIGN_STYLE = Automatic;
				INFOPLIST_FILE = HNWStatisticsSDKUITests/Info.plist;
				LD_RUNPATH_SEARCH_PATHS = (
					"$(inherited)",
					"@executable_path/Frameworks",
					"@loader_path/Frameworks",
				);
				PRODUCT_BUNDLE_IDENTIFIER = com.young.HNWStatisticsSDKUITests;
				PRODUCT_NAME = "$(TARGET_NAME)";
				TARGETED_DEVICE_FAMILY = "1,2";
				TEST_TARGET_NAME = HNWStatisticsSDK;
			};
			name = Release;
		};
		6F809E2925D22A6800A92D01 /* Debug */ = {
			isa = XCBuildConfiguration;
			buildSettings = {
				CODE_SIGN_ENTITLEMENTS = NotificationService/NotificationService.entitlements;
				CODE_SIGN_STYLE = Automatic;
				DEVELOPMENT_TEAM = MYLHBGJFAY;
				INFOPLIST_FILE = NotificationService/Info.plist;
				IPHONEOS_DEPLOYMENT_TARGET = 14.4;
				LD_RUNPATH_SEARCH_PATHS = (
					"$(inherited)",
					"@executable_path/Frameworks",
					"@executable_path/../../Frameworks",
				);
				PRODUCT_BUNDLE_IDENTIFIER = com.young.HNWStatisticsSDK.NotificationService;
				PRODUCT_NAME = "$(TARGET_NAME)";
				SKIP_INSTALL = YES;
				TARGETED_DEVICE_FAMILY = "1,2";
			};
			name = Debug;
		};
		6F809E2A25D22A6800A92D01 /* Release */ = {
			isa = XCBuildConfiguration;
			buildSettings = {
				CODE_SIGN_ENTITLEMENTS = NotificationService/NotificationService.entitlements;
				CODE_SIGN_STYLE = Automatic;
				DEVELOPMENT_TEAM = MYLHBGJFAY;
				INFOPLIST_FILE = NotificationService/Info.plist;
				IPHONEOS_DEPLOYMENT_TARGET = 14.4;
				LD_RUNPATH_SEARCH_PATHS = (
					"$(inherited)",
					"@executable_path/Frameworks",
					"@executable_path/../../Frameworks",
				);
				PRODUCT_BUNDLE_IDENTIFIER = com.young.HNWStatisticsSDK.NotificationService;
				PRODUCT_NAME = "$(TARGET_NAME)";
				SKIP_INSTALL = YES;
				TARGETED_DEVICE_FAMILY = "1,2";
			};
			name = Release;
		};
/* End XCBuildConfiguration section */

/* Begin XCConfigurationList section */
		6F463DB925D106CF0061675B /* Build configuration list for PBXProject "HNWStatisticsSDK" */ = {
			isa = XCConfigurationList;
			buildConfigurations = (
				6F463DEB25D106D10061675B /* Debug */,
				6F463DEC25D106D10061675B /* Release */,
			);
			defaultConfigurationIsVisible = 0;
			defaultConfigurationName = Release;
		};
		6F463DED25D106D10061675B /* Build configuration list for PBXNativeTarget "HNWStatisticsSDK" */ = {
			isa = XCConfigurationList;
			buildConfigurations = (
				6F463DEE25D106D10061675B /* Debug */,
				6F463DEF25D106D10061675B /* Release */,
			);
			defaultConfigurationIsVisible = 0;
			defaultConfigurationName = Release;
		};
		6F463DF025D106D10061675B /* Build configuration list for PBXNativeTarget "HNWStatisticsSDKTests" */ = {
			isa = XCConfigurationList;
			buildConfigurations = (
				6F463DF125D106D10061675B /* Debug */,
				6F463DF225D106D10061675B /* Release */,
			);
			defaultConfigurationIsVisible = 0;
			defaultConfigurationName = Release;
		};
		6F463DF325D106D10061675B /* Build configuration list for PBXNativeTarget "HNWStatisticsSDKUITests" */ = {
			isa = XCConfigurationList;
			buildConfigurations = (
				6F463DF425D106D10061675B /* Debug */,
				6F463DF525D106D10061675B /* Release */,
			);
			defaultConfigurationIsVisible = 0;
			defaultConfigurationName = Release;
		};
		6F809E2825D22A6800A92D01 /* Build configuration list for PBXNativeTarget "NotificationService" */ = {
			isa = XCConfigurationList;
			buildConfigurations = (
				6F809E2925D22A6800A92D01 /* Debug */,
				6F809E2A25D22A6800A92D01 /* Release */,
			);
			defaultConfigurationIsVisible = 0;
			defaultConfigurationName = Release;
		};
/* End XCConfigurationList section */
	};
	rootObject = 6F463DB625D106CF0061675B /* Project object */;
}
